
Microsoft Visual Studio Solution File, Format Version 12.00
# Visual Studio 14
VisualStudioVersion = 14.0.23107.0
MinimumVisualStudioVersion = 10.0.40219.1
Project("{2150E333-8FDC-42A3-9474-1A3956D46DE8}") = "Tests", "Tests", "{FD2B74F0-DA7F-447E-9BF7-FC444F969001}"
EndProject
Project("{FAE04EC0-301F-11D3-BF4B-00C04F79EFBC}") = "altCrypt.Client", "altCrypt.Client\altCrypt.Client.csproj", "{2769C8D0-EF37-4BA9-8859-13C45A517F27}"
EndProject
Project("{FAE04EC0-301F-11D3-BF4B-00C04F79EFBC}") = "altCrypt.Core.Tests", "altCrypt.Core.Tests\altCrypt.Core.Tests.csproj", "{E6E6F189-7F60-4EBB-8B1B-0CA4A260F2A4}"
EndProject
Project("{FAE04EC0-301F-11D3-BF4B-00C04F79EFBC}") = "altCrypt.Core", "altCrypt.Core\altCrypt.Core.csproj", "{5647EF53-4BB1-488F-9BAA-E14A95519952}"
EndProject
Global
	GlobalSection(SolutionConfigurationPlatforms) = preSolution
		Debug|Any CPU = Debug|Any CPU
		Release|Any CPU = Release|Any CPU
	EndGlobalSection
	GlobalSection(ProjectConfigurationPlatforms) = postSolution
		{2769C8D0-EF37-4BA9-8859-13C45A517F27}.Debug|Any CPU.ActiveCfg = Debug|Any CPU
		{2769C8D0-EF37-4BA9-8859-13C45A517F27}.Debug|Any CPU.Build.0 = Debug|Any CPU
		{2769C8D0-EF37-4BA9-8859-13C45A517F27}.Release|Any CPU.ActiveCfg = Release|Any CPU
		{2769C8D0-EF37-4BA9-8859-13C45A517F27}.Release|Any CPU.Build.0 = Release|Any CPU
		{E6E6F189-7F60-4EBB-8B1B-0CA4A260F2A4}.Debug|Any CPU.ActiveCfg = Debug|Any CPU
		{E6E6F189-7F60-4EBB-8B1B-0CA4A260F2A4}.Debug|Any CPU.Build.0 = Debug|Any CPU
		{E6E6F189-7F60-4EBB-8B1B-0CA4A260F2A4}.Release|Any CPU.ActiveCfg = Release|Any CPU
		{E6E6F189-7F60-4EBB-8B1B-0CA4A260F2A4}.Release|Any CPU.Build.0 = Release|Any CPU
		{5647EF53-4BB1-488F-9BAA-E14A95519952}.Debug|Any CPU.ActiveCfg = Debug|Any CPU
		{5647EF53-4BB1-488F-9BAA-E14A95519952}.Debug|Any CPU.Build.0 = Debug|Any CPU
		{5647EF53-4BB1-488F-9BAA-E14A95519952}.Release|Any CPU.ActiveCfg = Release|Any CPU
		{5647EF53-4BB1-488F-9BAA-E14A95519952}.Release|Any CPU.Build.0 = Release|Any CPU
	EndGlobalSection
	GlobalSection(SolutionProperties) = preSolution
		HideSolutionNode = FALSE
	EndGlobalSection
	GlobalSection(NestedProjects) = preSolution
		{E6E6F189-7F60-4EBB-8B1B-0CA4A260F2A4} = {FD2B74F0-DA7F-447E-9BF7-FC444F969001}
	EndGlobalSection
EndGlobal
