
Microsoft Visual Studio Solution File, Format Version 12.00
# Visual Studio 14
VisualStudioVersion = 14.0.23107.0
MinimumVisualStudioVersion = 10.0.40219.1
Project("{2150E333-8FDC-42A3-9474-1A3956D46DE8}") = "Tests", "Tests", "{FD2B74F0-DA7F-447E-9BF7-FC444F969001}"
EndProject
Project("{FAE04EC0-301F-11D3-BF4B-00C04F79EFBC}") = "altCrypt.Core.UnitTests", "altCrypt.Core.Tests\altCrypt.Core.UnitTests.csproj", "{E6E6F189-7F60-4EBB-8B1B-0CA4A260F2A4}"
EndProject
Project("{FAE04EC0-301F-11D3-BF4B-00C04F79EFBC}") = "altCrypt.Core", "altCrypt.Core\altCrypt.Core.csproj", "{B3FE7680-4359-4FF1-A0EA-5A3CF98F1D50}"
EndProject
Project("{FAE04EC0-301F-11D3-BF4B-00C04F79EFBC}") = "altCrypt.Core.x86", "altCrypt.Core.x86\altCrypt.Core.x86.csproj", "{EB4F3E3D-6BA4-43E9-9AE6-FE3BF03D9219}"
EndProject
Project("{FAE04EC0-301F-11D3-BF4B-00C04F79EFBC}") = "altCrypt.Core.x86.UnitTests", "altCrypt.Core.x86.Tests\altCrypt.Core.x86.UnitTests.csproj", "{1356215E-FBF0-4B9B-AA18-2DC6BCE0C462}"
EndProject
Project("{FAE04EC0-301F-11D3-BF4B-00C04F79EFBC}") = "altCrypt.Core.x86.IntegrationTests", "altCrypt.Core.x86.IntegrationTests\altCrypt.Core.x86.IntegrationTests.csproj", "{3F1882C9-3472-4CF0-86E5-C7059DA9BEA6}"
EndProject
Project("{2150E333-8FDC-42A3-9474-1A3956D46DE8}") = "Client", "Client", "{6D8045BB-C9AF-49C8-9B69-AD8BEFBB16BF}"
EndProject
Project("{FAE04EC0-301F-11D3-BF4B-00C04F79EFBC}") = "altCrypt.Client.Desktop", "altCrypt.Client.Desktop\altCrypt.Client.Desktop.csproj", "{CBC44F28-D8D1-4D94-B70E-135D1D98B550}"
EndProject
Project("{FAE04EC0-301F-11D3-BF4B-00C04F79EFBC}") = "altCrypt.Client.CommandLine", "altCrypt.Client.CommandLine\altCrypt.Client.CommandLine.csproj", "{2769C8D0-EF37-4BA9-8859-13C45A517F27}"
EndProject
Project("{2150E333-8FDC-42A3-9474-1A3956D46DE8}") = "Core", "Core", "{99A067AA-420B-498C-AED2-BB62EC25320F}"
EndProject
Project("{2150E333-8FDC-42A3-9474-1A3956D46DE8}") = "Business", "Business", "{D4CC216E-4FCC-4949-BFEF-1D39DF248BD3}"
EndProject
Project("{FAE04EC0-301F-11D3-BF4B-00C04F79EFBC}") = "altCrypt.Business", "altCrypt.Business\altCrypt.Business.csproj", "{E38C537B-B645-4096-90CA-F70D8D35EAFE}"
EndProject
Project("{FAE04EC0-301F-11D3-BF4B-00C04F79EFBC}") = "altCrypt.Business.UnitTests", "altCrypt.Business.UnitTests\altCrypt.Business.UnitTests.csproj", "{0F6AB84E-C577-42C6-99D1-7F9ECF05C7D8}"
EndProject
Global
	GlobalSection(SolutionConfigurationPlatforms) = preSolution
		Debug|Any CPU = Debug|Any CPU
		Debug|ARM = Debug|ARM
		Debug|x64 = Debug|x64
		Debug|x86 = Debug|x86
		Release|Any CPU = Release|Any CPU
		Release|ARM = Release|ARM
		Release|x64 = Release|x64
		Release|x86 = Release|x86
	EndGlobalSection
	GlobalSection(ProjectConfigurationPlatforms) = postSolution
		{E6E6F189-7F60-4EBB-8B1B-0CA4A260F2A4}.Debug|Any CPU.ActiveCfg = Debug|Any CPU
		{E6E6F189-7F60-4EBB-8B1B-0CA4A260F2A4}.Debug|Any CPU.Build.0 = Debug|Any CPU
		{E6E6F189-7F60-4EBB-8B1B-0CA4A260F2A4}.Debug|ARM.ActiveCfg = Debug|Any CPU
		{E6E6F189-7F60-4EBB-8B1B-0CA4A260F2A4}.Debug|ARM.Build.0 = Debug|Any CPU
		{E6E6F189-7F60-4EBB-8B1B-0CA4A260F2A4}.Debug|x64.ActiveCfg = Debug|Any CPU
		{E6E6F189-7F60-4EBB-8B1B-0CA4A260F2A4}.Debug|x64.Build.0 = Debug|Any CPU
		{E6E6F189-7F60-4EBB-8B1B-0CA4A260F2A4}.Debug|x86.ActiveCfg = Debug|Any CPU
		{E6E6F189-7F60-4EBB-8B1B-0CA4A260F2A4}.Debug|x86.Build.0 = Debug|Any CPU
		{E6E6F189-7F60-4EBB-8B1B-0CA4A260F2A4}.Release|Any CPU.ActiveCfg = Release|Any CPU
		{E6E6F189-7F60-4EBB-8B1B-0CA4A260F2A4}.Release|Any CPU.Build.0 = Release|Any CPU
		{E6E6F189-7F60-4EBB-8B1B-0CA4A260F2A4}.Release|ARM.ActiveCfg = Release|Any CPU
		{E6E6F189-7F60-4EBB-8B1B-0CA4A260F2A4}.Release|ARM.Build.0 = Release|Any CPU
		{E6E6F189-7F60-4EBB-8B1B-0CA4A260F2A4}.Release|x64.ActiveCfg = Release|Any CPU
		{E6E6F189-7F60-4EBB-8B1B-0CA4A260F2A4}.Release|x64.Build.0 = Release|Any CPU
		{E6E6F189-7F60-4EBB-8B1B-0CA4A260F2A4}.Release|x86.ActiveCfg = Release|Any CPU
		{E6E6F189-7F60-4EBB-8B1B-0CA4A260F2A4}.Release|x86.Build.0 = Release|Any CPU
		{B3FE7680-4359-4FF1-A0EA-5A3CF98F1D50}.Debug|Any CPU.ActiveCfg = Debug|Any CPU
		{B3FE7680-4359-4FF1-A0EA-5A3CF98F1D50}.Debug|Any CPU.Build.0 = Debug|Any CPU
		{B3FE7680-4359-4FF1-A0EA-5A3CF98F1D50}.Debug|ARM.ActiveCfg = Debug|Any CPU
		{B3FE7680-4359-4FF1-A0EA-5A3CF98F1D50}.Debug|ARM.Build.0 = Debug|Any CPU
		{B3FE7680-4359-4FF1-A0EA-5A3CF98F1D50}.Debug|x64.ActiveCfg = Debug|Any CPU
		{B3FE7680-4359-4FF1-A0EA-5A3CF98F1D50}.Debug|x64.Build.0 = Debug|Any CPU
		{B3FE7680-4359-4FF1-A0EA-5A3CF98F1D50}.Debug|x86.ActiveCfg = Debug|Any CPU
		{B3FE7680-4359-4FF1-A0EA-5A3CF98F1D50}.Debug|x86.Build.0 = Debug|Any CPU
		{B3FE7680-4359-4FF1-A0EA-5A3CF98F1D50}.Release|Any CPU.ActiveCfg = Release|Any CPU
		{B3FE7680-4359-4FF1-A0EA-5A3CF98F1D50}.Release|Any CPU.Build.0 = Release|Any CPU
		{B3FE7680-4359-4FF1-A0EA-5A3CF98F1D50}.Release|ARM.ActiveCfg = Release|Any CPU
		{B3FE7680-4359-4FF1-A0EA-5A3CF98F1D50}.Release|ARM.Build.0 = Release|Any CPU
		{B3FE7680-4359-4FF1-A0EA-5A3CF98F1D50}.Release|x64.ActiveCfg = Release|Any CPU
		{B3FE7680-4359-4FF1-A0EA-5A3CF98F1D50}.Release|x64.Build.0 = Release|Any CPU
		{B3FE7680-4359-4FF1-A0EA-5A3CF98F1D50}.Release|x86.ActiveCfg = Release|Any CPU
		{B3FE7680-4359-4FF1-A0EA-5A3CF98F1D50}.Release|x86.Build.0 = Release|Any CPU
		{EB4F3E3D-6BA4-43E9-9AE6-FE3BF03D9219}.Debug|Any CPU.ActiveCfg = Debug|Any CPU
		{EB4F3E3D-6BA4-43E9-9AE6-FE3BF03D9219}.Debug|Any CPU.Build.0 = Debug|Any CPU
		{EB4F3E3D-6BA4-43E9-9AE6-FE3BF03D9219}.Debug|ARM.ActiveCfg = Debug|Any CPU
		{EB4F3E3D-6BA4-43E9-9AE6-FE3BF03D9219}.Debug|ARM.Build.0 = Debug|Any CPU
		{EB4F3E3D-6BA4-43E9-9AE6-FE3BF03D9219}.Debug|x64.ActiveCfg = Debug|Any CPU
		{EB4F3E3D-6BA4-43E9-9AE6-FE3BF03D9219}.Debug|x64.Build.0 = Debug|Any CPU
		{EB4F3E3D-6BA4-43E9-9AE6-FE3BF03D9219}.Debug|x86.ActiveCfg = Debug|Any CPU
		{EB4F3E3D-6BA4-43E9-9AE6-FE3BF03D9219}.Debug|x86.Build.0 = Debug|Any CPU
		{EB4F3E3D-6BA4-43E9-9AE6-FE3BF03D9219}.Release|Any CPU.ActiveCfg = Release|Any CPU
		{EB4F3E3D-6BA4-43E9-9AE6-FE3BF03D9219}.Release|Any CPU.Build.0 = Release|Any CPU
		{EB4F3E3D-6BA4-43E9-9AE6-FE3BF03D9219}.Release|ARM.ActiveCfg = Release|Any CPU
		{EB4F3E3D-6BA4-43E9-9AE6-FE3BF03D9219}.Release|ARM.Build.0 = Release|Any CPU
		{EB4F3E3D-6BA4-43E9-9AE6-FE3BF03D9219}.Release|x64.ActiveCfg = Release|Any CPU
		{EB4F3E3D-6BA4-43E9-9AE6-FE3BF03D9219}.Release|x64.Build.0 = Release|Any CPU
		{EB4F3E3D-6BA4-43E9-9AE6-FE3BF03D9219}.Release|x86.ActiveCfg = Release|Any CPU
		{EB4F3E3D-6BA4-43E9-9AE6-FE3BF03D9219}.Release|x86.Build.0 = Release|Any CPU
		{1356215E-FBF0-4B9B-AA18-2DC6BCE0C462}.Debug|Any CPU.ActiveCfg = Debug|Any CPU
		{1356215E-FBF0-4B9B-AA18-2DC6BCE0C462}.Debug|Any CPU.Build.0 = Debug|Any CPU
		{1356215E-FBF0-4B9B-AA18-2DC6BCE0C462}.Debug|ARM.ActiveCfg = Debug|Any CPU
		{1356215E-FBF0-4B9B-AA18-2DC6BCE0C462}.Debug|ARM.Build.0 = Debug|Any CPU
		{1356215E-FBF0-4B9B-AA18-2DC6BCE0C462}.Debug|x64.ActiveCfg = Debug|Any CPU
		{1356215E-FBF0-4B9B-AA18-2DC6BCE0C462}.Debug|x64.Build.0 = Debug|Any CPU
		{1356215E-FBF0-4B9B-AA18-2DC6BCE0C462}.Debug|x86.ActiveCfg = Debug|Any CPU
		{1356215E-FBF0-4B9B-AA18-2DC6BCE0C462}.Debug|x86.Build.0 = Debug|Any CPU
		{1356215E-FBF0-4B9B-AA18-2DC6BCE0C462}.Release|Any CPU.ActiveCfg = Release|Any CPU
		{1356215E-FBF0-4B9B-AA18-2DC6BCE0C462}.Release|Any CPU.Build.0 = Release|Any CPU
		{1356215E-FBF0-4B9B-AA18-2DC6BCE0C462}.Release|ARM.ActiveCfg = Release|Any CPU
		{1356215E-FBF0-4B9B-AA18-2DC6BCE0C462}.Release|ARM.Build.0 = Release|Any CPU
		{1356215E-FBF0-4B9B-AA18-2DC6BCE0C462}.Release|x64.ActiveCfg = Release|Any CPU
		{1356215E-FBF0-4B9B-AA18-2DC6BCE0C462}.Release|x64.Build.0 = Release|Any CPU
		{1356215E-FBF0-4B9B-AA18-2DC6BCE0C462}.Release|x86.ActiveCfg = Release|Any CPU
		{1356215E-FBF0-4B9B-AA18-2DC6BCE0C462}.Release|x86.Build.0 = Release|Any CPU
		{3F1882C9-3472-4CF0-86E5-C7059DA9BEA6}.Debug|Any CPU.ActiveCfg = Debug|Any CPU
		{3F1882C9-3472-4CF0-86E5-C7059DA9BEA6}.Debug|Any CPU.Build.0 = Debug|Any CPU
		{3F1882C9-3472-4CF0-86E5-C7059DA9BEA6}.Debug|ARM.ActiveCfg = Debug|Any CPU
		{3F1882C9-3472-4CF0-86E5-C7059DA9BEA6}.Debug|ARM.Build.0 = Debug|Any CPU
		{3F1882C9-3472-4CF0-86E5-C7059DA9BEA6}.Debug|x64.ActiveCfg = Debug|Any CPU
		{3F1882C9-3472-4CF0-86E5-C7059DA9BEA6}.Debug|x64.Build.0 = Debug|Any CPU
		{3F1882C9-3472-4CF0-86E5-C7059DA9BEA6}.Debug|x86.ActiveCfg = Debug|Any CPU
		{3F1882C9-3472-4CF0-86E5-C7059DA9BEA6}.Debug|x86.Build.0 = Debug|Any CPU
		{3F1882C9-3472-4CF0-86E5-C7059DA9BEA6}.Release|Any CPU.ActiveCfg = Release|Any CPU
		{3F1882C9-3472-4CF0-86E5-C7059DA9BEA6}.Release|Any CPU.Build.0 = Release|Any CPU
		{3F1882C9-3472-4CF0-86E5-C7059DA9BEA6}.Release|ARM.ActiveCfg = Release|Any CPU
		{3F1882C9-3472-4CF0-86E5-C7059DA9BEA6}.Release|ARM.Build.0 = Release|Any CPU
		{3F1882C9-3472-4CF0-86E5-C7059DA9BEA6}.Release|x64.ActiveCfg = Release|Any CPU
		{3F1882C9-3472-4CF0-86E5-C7059DA9BEA6}.Release|x64.Build.0 = Release|Any CPU
		{3F1882C9-3472-4CF0-86E5-C7059DA9BEA6}.Release|x86.ActiveCfg = Release|Any CPU
		{3F1882C9-3472-4CF0-86E5-C7059DA9BEA6}.Release|x86.Build.0 = Release|Any CPU
		{CBC44F28-D8D1-4D94-B70E-135D1D98B550}.Debug|Any CPU.ActiveCfg = Debug|Any CPU
		{CBC44F28-D8D1-4D94-B70E-135D1D98B550}.Debug|Any CPU.Build.0 = Debug|Any CPU
		{CBC44F28-D8D1-4D94-B70E-135D1D98B550}.Debug|ARM.ActiveCfg = Debug|Any CPU
		{CBC44F28-D8D1-4D94-B70E-135D1D98B550}.Debug|ARM.Build.0 = Debug|Any CPU
		{CBC44F28-D8D1-4D94-B70E-135D1D98B550}.Debug|x64.ActiveCfg = Debug|Any CPU
		{CBC44F28-D8D1-4D94-B70E-135D1D98B550}.Debug|x64.Build.0 = Debug|Any CPU
		{CBC44F28-D8D1-4D94-B70E-135D1D98B550}.Debug|x86.ActiveCfg = Debug|Any CPU
		{CBC44F28-D8D1-4D94-B70E-135D1D98B550}.Debug|x86.Build.0 = Debug|Any CPU
		{CBC44F28-D8D1-4D94-B70E-135D1D98B550}.Release|Any CPU.ActiveCfg = Release|Any CPU
		{CBC44F28-D8D1-4D94-B70E-135D1D98B550}.Release|Any CPU.Build.0 = Release|Any CPU
		{CBC44F28-D8D1-4D94-B70E-135D1D98B550}.Release|ARM.ActiveCfg = Release|Any CPU
		{CBC44F28-D8D1-4D94-B70E-135D1D98B550}.Release|ARM.Build.0 = Release|Any CPU
		{CBC44F28-D8D1-4D94-B70E-135D1D98B550}.Release|x64.ActiveCfg = Release|Any CPU
		{CBC44F28-D8D1-4D94-B70E-135D1D98B550}.Release|x64.Build.0 = Release|Any CPU
		{CBC44F28-D8D1-4D94-B70E-135D1D98B550}.Release|x86.ActiveCfg = Release|Any CPU
		{CBC44F28-D8D1-4D94-B70E-135D1D98B550}.Release|x86.Build.0 = Release|Any CPU
		{2769C8D0-EF37-4BA9-8859-13C45A517F27}.Debug|Any CPU.ActiveCfg = Debug|Any CPU
		{2769C8D0-EF37-4BA9-8859-13C45A517F27}.Debug|Any CPU.Build.0 = Debug|Any CPU
		{2769C8D0-EF37-4BA9-8859-13C45A517F27}.Debug|ARM.ActiveCfg = Debug|Any CPU
		{2769C8D0-EF37-4BA9-8859-13C45A517F27}.Debug|ARM.Build.0 = Debug|Any CPU
		{2769C8D0-EF37-4BA9-8859-13C45A517F27}.Debug|x64.ActiveCfg = Debug|Any CPU
		{2769C8D0-EF37-4BA9-8859-13C45A517F27}.Debug|x64.Build.0 = Debug|Any CPU
		{2769C8D0-EF37-4BA9-8859-13C45A517F27}.Debug|x86.ActiveCfg = Debug|Any CPU
		{2769C8D0-EF37-4BA9-8859-13C45A517F27}.Debug|x86.Build.0 = Debug|Any CPU
		{2769C8D0-EF37-4BA9-8859-13C45A517F27}.Release|Any CPU.ActiveCfg = Release|Any CPU
		{2769C8D0-EF37-4BA9-8859-13C45A517F27}.Release|Any CPU.Build.0 = Release|Any CPU
		{2769C8D0-EF37-4BA9-8859-13C45A517F27}.Release|ARM.ActiveCfg = Release|Any CPU
		{2769C8D0-EF37-4BA9-8859-13C45A517F27}.Release|ARM.Build.0 = Release|Any CPU
		{2769C8D0-EF37-4BA9-8859-13C45A517F27}.Release|x64.ActiveCfg = Release|Any CPU
		{2769C8D0-EF37-4BA9-8859-13C45A517F27}.Release|x64.Build.0 = Release|Any CPU
		{2769C8D0-EF37-4BA9-8859-13C45A517F27}.Release|x86.ActiveCfg = Release|Any CPU
		{2769C8D0-EF37-4BA9-8859-13C45A517F27}.Release|x86.Build.0 = Release|Any CPU
		{E38C537B-B645-4096-90CA-F70D8D35EAFE}.Debug|Any CPU.ActiveCfg = Debug|Any CPU
		{E38C537B-B645-4096-90CA-F70D8D35EAFE}.Debug|Any CPU.Build.0 = Debug|Any CPU
		{E38C537B-B645-4096-90CA-F70D8D35EAFE}.Debug|ARM.ActiveCfg = Debug|Any CPU
		{E38C537B-B645-4096-90CA-F70D8D35EAFE}.Debug|ARM.Build.0 = Debug|Any CPU
		{E38C537B-B645-4096-90CA-F70D8D35EAFE}.Debug|x64.ActiveCfg = Debug|Any CPU
		{E38C537B-B645-4096-90CA-F70D8D35EAFE}.Debug|x64.Build.0 = Debug|Any CPU
		{E38C537B-B645-4096-90CA-F70D8D35EAFE}.Debug|x86.ActiveCfg = Debug|Any CPU
		{E38C537B-B645-4096-90CA-F70D8D35EAFE}.Debug|x86.Build.0 = Debug|Any CPU
		{E38C537B-B645-4096-90CA-F70D8D35EAFE}.Release|Any CPU.ActiveCfg = Release|Any CPU
		{E38C537B-B645-4096-90CA-F70D8D35EAFE}.Release|Any CPU.Build.0 = Release|Any CPU
		{E38C537B-B645-4096-90CA-F70D8D35EAFE}.Release|ARM.ActiveCfg = Release|Any CPU
		{E38C537B-B645-4096-90CA-F70D8D35EAFE}.Release|ARM.Build.0 = Release|Any CPU
		{E38C537B-B645-4096-90CA-F70D8D35EAFE}.Release|x64.ActiveCfg = Release|Any CPU
		{E38C537B-B645-4096-90CA-F70D8D35EAFE}.Release|x64.Build.0 = Release|Any CPU
		{E38C537B-B645-4096-90CA-F70D8D35EAFE}.Release|x86.ActiveCfg = Release|Any CPU
		{E38C537B-B645-4096-90CA-F70D8D35EAFE}.Release|x86.Build.0 = Release|Any CPU
		{0F6AB84E-C577-42C6-99D1-7F9ECF05C7D8}.Debug|Any CPU.ActiveCfg = Debug|Any CPU
		{0F6AB84E-C577-42C6-99D1-7F9ECF05C7D8}.Debug|Any CPU.Build.0 = Debug|Any CPU
		{0F6AB84E-C577-42C6-99D1-7F9ECF05C7D8}.Debug|ARM.ActiveCfg = Debug|Any CPU
		{0F6AB84E-C577-42C6-99D1-7F9ECF05C7D8}.Debug|ARM.Build.0 = Debug|Any CPU
		{0F6AB84E-C577-42C6-99D1-7F9ECF05C7D8}.Debug|x64.ActiveCfg = Debug|Any CPU
		{0F6AB84E-C577-42C6-99D1-7F9ECF05C7D8}.Debug|x64.Build.0 = Debug|Any CPU
		{0F6AB84E-C577-42C6-99D1-7F9ECF05C7D8}.Debug|x86.ActiveCfg = Debug|Any CPU
		{0F6AB84E-C577-42C6-99D1-7F9ECF05C7D8}.Debug|x86.Build.0 = Debug|Any CPU
		{0F6AB84E-C577-42C6-99D1-7F9ECF05C7D8}.Release|Any CPU.ActiveCfg = Release|Any CPU
		{0F6AB84E-C577-42C6-99D1-7F9ECF05C7D8}.Release|Any CPU.Build.0 = Release|Any CPU
		{0F6AB84E-C577-42C6-99D1-7F9ECF05C7D8}.Release|ARM.ActiveCfg = Release|Any CPU
		{0F6AB84E-C577-42C6-99D1-7F9ECF05C7D8}.Release|ARM.Build.0 = Release|Any CPU
		{0F6AB84E-C577-42C6-99D1-7F9ECF05C7D8}.Release|x64.ActiveCfg = Release|Any CPU
		{0F6AB84E-C577-42C6-99D1-7F9ECF05C7D8}.Release|x64.Build.0 = Release|Any CPU
		{0F6AB84E-C577-42C6-99D1-7F9ECF05C7D8}.Release|x86.ActiveCfg = Release|Any CPU
		{0F6AB84E-C577-42C6-99D1-7F9ECF05C7D8}.Release|x86.Build.0 = Release|Any CPU
	EndGlobalSection
	GlobalSection(SolutionProperties) = preSolution
		HideSolutionNode = FALSE
	EndGlobalSection
	GlobalSection(NestedProjects) = preSolution
		{E6E6F189-7F60-4EBB-8B1B-0CA4A260F2A4} = {FD2B74F0-DA7F-447E-9BF7-FC444F969001}
		{B3FE7680-4359-4FF1-A0EA-5A3CF98F1D50} = {99A067AA-420B-498C-AED2-BB62EC25320F}
		{EB4F3E3D-6BA4-43E9-9AE6-FE3BF03D9219} = {99A067AA-420B-498C-AED2-BB62EC25320F}
		{1356215E-FBF0-4B9B-AA18-2DC6BCE0C462} = {FD2B74F0-DA7F-447E-9BF7-FC444F969001}
		{3F1882C9-3472-4CF0-86E5-C7059DA9BEA6} = {FD2B74F0-DA7F-447E-9BF7-FC444F969001}
		{CBC44F28-D8D1-4D94-B70E-135D1D98B550} = {6D8045BB-C9AF-49C8-9B69-AD8BEFBB16BF}
		{2769C8D0-EF37-4BA9-8859-13C45A517F27} = {6D8045BB-C9AF-49C8-9B69-AD8BEFBB16BF}
		{E38C537B-B645-4096-90CA-F70D8D35EAFE} = {D4CC216E-4FCC-4949-BFEF-1D39DF248BD3}
		{0F6AB84E-C577-42C6-99D1-7F9ECF05C7D8} = {FD2B74F0-DA7F-447E-9BF7-FC444F969001}
	EndGlobalSection
EndGlobal
